
Microsoft Visual Studio Solution File, Format Version 12.00
# Visual Studio Version 17
VisualStudioVersion = 17.7.34202.233
MinimumVisualStudioVersion = 10.0.40219.1
Project("{FAE04EC0-301F-11D3-BF4B-00C04F79EFBC}") = "WinFormsApp1", "WinFormsApp1.csproj", "{D8C41711-D92F-4806-ABFF-C7596FAD37E6}"
EndProject
Global
	GlobalSection(SolutionConfigurationPlatforms) = preSolution
		Debug|Any CPU = Debug|Any CPU
		Release|Any CPU = Release|Any CPU
	EndGlobalSection
	GlobalSection(ProjectConfigurationPlatforms) = postSolution
		{D8C41711-D92F-4806-ABFF-C7596FAD37E6}.Debug|Any CPU.ActiveCfg = Debug|Any CPU
		{D8C41711-D92F-4806-ABFF-C7596FAD37E6}.Debug|Any CPU.Build.0 = Debug|Any CPU
		{D8C41711-D92F-4806-ABFF-C7596FAD37E6}.Release|Any CPU.ActiveCfg = Release|Any CPU
		{D8C41711-D92F-4806-ABFF-C7596FAD37E6}.Release|Any CPU.Build.0 = Release|Any CPU
	EndGlobalSection
	GlobalSection(SolutionProperties) = preSolution
		HideSolutionNode = FALSE
	EndGlobalSection
	GlobalSection(ExtensibilityGlobals) = postSolution
		SolutionGuid = {412ABD43-8833-49A5-9473-3B1F36D4C5D5}
	EndGlobalSection
EndGlobal
